
Microsoft Visual Studio Solution File, Format Version 12.00
# Visual Studio 15
VisualStudioVersion = 15.0.27428.2037
MinimumVisualStudioVersion = 10.0.40219.1
Project("{FAE04EC0-301F-11D3-BF4B-00C04F79EFBC}") = "WpfTest", "WpfTest\WpfTest.csproj", "{722A5755-7A5B-49E8-8336-55E2DA51DED2}"
EndProject
Global
	GlobalSection(SolutionConfigurationPlatforms) = preSolution
		Debug|Any CPU = Debug|Any CPU
		Release|Any CPU = Release|Any CPU
	EndGlobalSection
	GlobalSection(ProjectConfigurationPlatforms) = postSolution
		{722A5755-7A5B-49E8-8336-55E2DA51DED2}.Debug|Any CPU.ActiveCfg = Debug|Any CPU
		{722A5755-7A5B-49E8-8336-55E2DA51DED2}.Debug|Any CPU.Build.0 = Debug|Any CPU
		{722A5755-7A5B-49E8-8336-55E2DA51DED2}.Release|Any CPU.ActiveCfg = Release|Any CPU
		{722A5755-7A5B-49E8-8336-55E2DA51DED2}.Release|Any CPU.Build.0 = Release|Any CPU
	EndGlobalSection
	GlobalSection(SolutionProperties) = preSolution
		HideSolutionNode = FALSE
	EndGlobalSection
	GlobalSection(ExtensibilityGlobals) = postSolution
		SolutionGuid = {5B2737EB-AA29-437C-8F5A-C1B7C303B7D5}
	EndGlobalSection
EndGlobal
